// !$*UTF8*$!
{
	archiveVersion = 1;
	classes = {
	};
	objectVersion = 46;
	objects = {

/* Begin PBXBuildFile section */
		6739EFF01E6E48FF00F4D6A1 /* AppDelegate.swift in Sources */ = {isa = PBXBuildFile; fileRef = 6739EFEF1E6E48FF00F4D6A1 /* AppDelegate.swift */; };
		6739EFF21E6E48FF00F4D6A1 /* ViewController.swift in Sources */ = {isa = PBXBuildFile; fileRef = 6739EFF11E6E48FF00F4D6A1 /* ViewController.swift */; };
		6739EFF51E6E48FF00F4D6A1 /* Main.storyboard in Resources */ = {isa = PBXBuildFile; fileRef = 6739EFF31E6E48FF00F4D6A1 /* Main.storyboard */; };
		6739EFF71E6E48FF00F4D6A1 /* Assets.xcassets in Resources */ = {isa = PBXBuildFile; fileRef = 6739EFF61E6E48FF00F4D6A1 /* Assets.xcassets */; };
		6739EFFA1E6E48FF00F4D6A1 /* LaunchScreen.storyboard in Resources */ = {isa = PBXBuildFile; fileRef = 6739EFF81E6E48FF00F4D6A1 /* LaunchScreen.storyboard */; };
		6739F0051E6E48FF00F4D6A1 /* tipMePlsTests.swift in Sources */ = {isa = PBXBuildFile; fileRef = 6739F0041E6E48FF00F4D6A1 /* tipMePlsTests.swift */; };
		6739F0101E6E48FF00F4D6A1 /* tipMePlsUITests.swift in Sources */ = {isa = PBXBuildFile; fileRef = 6739F00F1E6E48FF00F4D6A1 /* tipMePlsUITests.swift */; };
		6739F01E1E6F2B3700F4D6A1 /* SettingsViewController.swift in Sources */ = {isa = PBXBuildFile; fileRef = 6739F01D1E6F2B3700F4D6A1 /* SettingsViewController.swift */; };
/* End PBXBuildFile section */

/* Begin PBXContainerItemProxy section */
		6739F0011E6E48FF00F4D6A1 /* PBXContainerItemProxy */ = {
			isa = PBXContainerItemProxy;
			containerPortal = 6739EFE41E6E48FF00F4D6A1 /* Project object */;
			proxyType = 1;
			remoteGlobalIDString = 6739EFEB1E6E48FF00F4D6A1;
			remoteInfo = tipMePls;
		};
		6739F00C1E6E48FF00F4D6A1 /* PBXContainerItemProxy */ = {
			isa = PBXContainerItemProxy;
			containerPortal = 6739EFE41E6E48FF00F4D6A1 /* Project object */;
			proxyType = 1;
			remoteGlobalIDString = 6739EFEB1E6E48FF00F4D6A1;
			remoteInfo = tipMePls;
		};
/* End PBXContainerItemProxy section */

/* Begin PBXFileReference section */
		6739EFEC1E6E48FF00F4D6A1 /* tipMePls.app */ = {isa = PBXFileReference; explicitFileType = wrapper.application; includeInIndex = 0; path = tipMePls.app; sourceTree = BUILT_PRODUCTS_DIR; };
		6739EFEF1E6E48FF00F4D6A1 /* AppDelegate.swift */ = {isa = PBXFileReference; lastKnownFileType = sourcecode.swift; path = AppDelegate.swift; sourceTree = "<group>"; };
		6739EFF11E6E48FF00F4D6A1 /* ViewController.swift */ = {isa = PBXFileReference; lastKnownFileType = sourcecode.swift; path = ViewController.swift; sourceTree = "<group>"; };
		6739EFF41E6E48FF00F4D6A1 /* Base */ = {isa = PBXFileReference; lastKnownFileType = file.storyboard; name = Base; path = Base.lproj/Main.storyboard; sourceTree = "<group>"; };
		6739EFF61E6E48FF00F4D6A1 /* Assets.xcassets */ = {isa = PBXFileReference; lastKnownFileType = folder.assetcatalog; path = Assets.xcassets; sourceTree = "<group>"; };
		6739EFF91E6E48FF00F4D6A1 /* Base */ = {isa = PBXFileReference; lastKnownFileType = file.storyboard; name = Base; path = Base.lproj/LaunchScreen.storyboard; sourceTree = "<group>"; };
		6739EFFB1E6E48FF00F4D6A1 /* Info.plist */ = {isa = PBXFileReference; lastKnownFileType = text.plist.xml; path = Info.plist; sourceTree = "<group>"; };
		6739F0001E6E48FF00F4D6A1 /* tipMePlsTests.xctest */ = {isa = PBXFileReference; explicitFileType = wrapper.cfbundle; includeInIndex = 0; path = tipMePlsTests.xctest; sourceTree = BUILT_PRODUCTS_DIR; };
		6739F0041E6E48FF00F4D6A1 /* tipMePlsTests.swift */ = {isa = PBXFileReference; lastKnownFileType = sourcecode.swift; path = tipMePlsTests.swift; sourceTree = "<group>"; };
		6739F0061E6E48FF00F4D6A1 /* Info.plist */ = {isa = PBXFileReference; lastKnownFileType = text.plist.xml; path = Info.plist; sourceTree = "<group>"; };
		6739F00B1E6E48FF00F4D6A1 /* tipMePlsUITests.xctest */ = {isa = PBXFileReference; explicitFileType = wrapper.cfbundle; includeInIndex = 0; path = tipMePlsUITests.xctest; sourceTree = BUILT_PRODUCTS_DIR; };
		6739F00F1E6E48FF00F4D6A1 /* tipMePlsUITests.swift */ = {isa = PBXFileReference; lastKnownFileType = sourcecode.swift; path = tipMePlsUITests.swift; sourceTree = "<group>"; };
		6739F0111E6E48FF00F4D6A1 /* Info.plist */ = {isa = PBXFileReference; lastKnownFileType = text.plist.xml; path = Info.plist; sourceTree = "<group>"; };
		6739F01D1E6F2B3700F4D6A1 /* SettingsViewController.swift */ = {isa = PBXFileReference; fileEncoding = 4; lastKnownFileType = sourcecode.swift; name = SettingsViewController.swift; path = tipMePls/SettingsViewController.swift; sourceTree = "<group>"; };
/* End PBXFileReference section */

/* Begin PBXFrameworksBuildPhase section */
		6739EFE91E6E48FF00F4D6A1 /* Frameworks */ = {
			isa = PBXFrameworksBuildPhase;
			buildActionMask = 2147483647;
			files = (
			);
			runOnlyForDeploymentPostprocessing = 0;
		};
		6739EFFD1E6E48FF00F4D6A1 /* Frameworks */ = {
			isa = PBXFrameworksBuildPhase;
			buildActionMask = 2147483647;
			files = (
			);
			runOnlyForDeploymentPostprocessing = 0;
		};
		6739F0081E6E48FF00F4D6A1 /* Frameworks */ = {
			isa = PBXFrameworksBuildPhase;
			buildActionMask = 2147483647;
			files = (
			);
			runOnlyForDeploymentPostprocessing = 0;
		};
/* End PBXFrameworksBuildPhase section */

/* Begin PBXGroup section */
		6739EFE31E6E48FF00F4D6A1 = {
			isa = PBXGroup;
			children = (
				6739F01D1E6F2B3700F4D6A1 /* SettingsViewController.swift */,
				6739EFEE1E6E48FF00F4D6A1 /* tipMePls */,
				6739F0031E6E48FF00F4D6A1 /* tipMePlsTests */,
				6739F00E1E6E48FF00F4D6A1 /* tipMePlsUITests */,
				6739EFED1E6E48FF00F4D6A1 /* Products */,
			);
			sourceTree = "<group>";
		};
		6739EFED1E6E48FF00F4D6A1 /* Products */ = {
			isa = PBXGroup;
			children = (
				6739EFEC1E6E48FF00F4D6A1 /* tipMePls.app */,
				6739F0001E6E48FF00F4D6A1 /* tipMePlsTests.xctest */,
				6739F00B1E6E48FF00F4D6A1 /* tipMePlsUITests.xctest */,
			);
			name = Products;
			sourceTree = "<group>";
		};
		6739EFEE1E6E48FF00F4D6A1 /* tipMePls */ = {
			isa = PBXGroup;
			children = (
				6739EFEF1E6E48FF00F4D6A1 /* AppDelegate.swift */,
				6739EFF11E6E48FF00F4D6A1 /* ViewController.swift */,
				6739EFF31E6E48FF00F4D6A1 /* Main.storyboard */,
				6739EFF61E6E48FF00F4D6A1 /* Assets.xcassets */,
				6739EFF81E6E48FF00F4D6A1 /* LaunchScreen.storyboard */,
				6739EFFB1E6E48FF00F4D6A1 /* Info.plist */,
			);
			path = tipMePls;
			sourceTree = "<group>";
		};
		6739F0031E6E48FF00F4D6A1 /* tipMePlsTests */ = {
			isa = PBXGroup;
			children = (
				6739F0041E6E48FF00F4D6A1 /* tipMePlsTests.swift */,
				6739F0061E6E48FF00F4D6A1 /* Info.plist */,
			);
			path = tipMePlsTests;
			sourceTree = "<group>";
		};
		6739F00E1E6E48FF00F4D6A1 /* tipMePlsUITests */ = {
			isa = PBXGroup;
			children = (
				6739F00F1E6E48FF00F4D6A1 /* tipMePlsUITests.swift */,
				6739F0111E6E48FF00F4D6A1 /* Info.plist */,
			);
			path = tipMePlsUITests;
			sourceTree = "<group>";
		};
/* End PBXGroup section */

/* Begin PBXNativeTarget section */
		6739EFEB1E6E48FF00F4D6A1 /* tipMePls */ = {
			isa = PBXNativeTarget;
			buildConfigurationList = 6739F0141E6E48FF00F4D6A1 /* Build configuration list for PBXNativeTarget "tipMePls" */;
			buildPhases = (
				6739EFE81E6E48FF00F4D6A1 /* Sources */,
				6739EFE91E6E48FF00F4D6A1 /* Frameworks */,
				6739EFEA1E6E48FF00F4D6A1 /* Resources */,
			);
			buildRules = (
			);
			dependencies = (
			);
			name = tipMePls;
			productName = tipMePls;
			productReference = 6739EFEC1E6E48FF00F4D6A1 /* tipMePls.app */;
			productType = "com.apple.product-type.application";
		};
		6739EFFF1E6E48FF00F4D6A1 /* tipMePlsTests */ = {
			isa = PBXNativeTarget;
			buildConfigurationList = 6739F0171E6E48FF00F4D6A1 /* Build configuration list for PBXNativeTarget "tipMePlsTests" */;
			buildPhases = (
				6739EFFC1E6E48FF00F4D6A1 /* Sources */,
				6739EFFD1E6E48FF00F4D6A1 /* Frameworks */,
				6739EFFE1E6E48FF00F4D6A1 /* Resources */,
			);
			buildRules = (
			);
			dependencies = (
				6739F0021E6E48FF00F4D6A1 /* PBXTargetDependency */,
			);
			name = tipMePlsTests;
			productName = tipMePlsTests;
			productReference = 6739F0001E6E48FF00F4D6A1 /* tipMePlsTests.xctest */;
			productType = "com.apple.product-type.bundle.unit-test";
		};
		6739F00A1E6E48FF00F4D6A1 /* tipMePlsUITests */ = {
			isa = PBXNativeTarget;
			buildConfigurationList = 6739F01A1E6E48FF00F4D6A1 /* Build configuration list for PBXNativeTarget "tipMePlsUITests" */;
			buildPhases = (
				6739F0071E6E48FF00F4D6A1 /* Sources */,
				6739F0081E6E48FF00F4D6A1 /* Frameworks */,
				6739F0091E6E48FF00F4D6A1 /* Resources */,
			);
			buildRules = (
			);
			dependencies = (
				6739F00D1E6E48FF00F4D6A1 /* PBXTargetDependency */,
			);
			name = tipMePlsUITests;
			productName = tipMePlsUITests;
			productReference = 6739F00B1E6E48FF00F4D6A1 /* tipMePlsUITests.xctest */;
			productType = "com.apple.product-type.bundle.ui-testing";
		};
/* End PBXNativeTarget section */

/* Begin PBXProject section */
		6739EFE41E6E48FF00F4D6A1 /* Project object */ = {
			isa = PBXProject;
			attributes = {
				LastSwiftUpdateCheck = 0820;
				LastUpgradeCheck = 0820;
				ORGANIZATIONNAME = "Duyen Riggs";
				TargetAttributes = {
					6739EFEB1E6E48FF00F4D6A1 = {
						CreatedOnToolsVersion = 8.2.1;
						ProvisioningStyle = Automatic;
					};
					6739EFFF1E6E48FF00F4D6A1 = {
						CreatedOnToolsVersion = 8.2.1;
						ProvisioningStyle = Automatic;
						TestTargetID = 6739EFEB1E6E48FF00F4D6A1;
					};
					6739F00A1E6E48FF00F4D6A1 = {
						CreatedOnToolsVersion = 8.2.1;
						ProvisioningStyle = Automatic;
						TestTargetID = 6739EFEB1E6E48FF00F4D6A1;
					};
				};
			};
			buildConfigurationList = 6739EFE71E6E48FF00F4D6A1 /* Build configuration list for PBXProject "tipMePls" */;
			compatibilityVersion = "Xcode 3.2";
			developmentRegion = English;
			hasScannedForEncodings = 0;
			knownRegions = (
				en,
				Base,
			);
			mainGroup = 6739EFE31E6E48FF00F4D6A1;
			productRefGroup = 6739EFED1E6E48FF00F4D6A1 /* Products */;
			projectDirPath = "";
			projectRoot = "";
			targets = (
				6739EFEB1E6E48FF00F4D6A1 /* tipMePls */,
				6739EFFF1E6E48FF00F4D6A1 /* tipMePlsTests */,
				6739F00A1E6E48FF00F4D6A1 /* tipMePlsUITests */,
			);
		};
/* End PBXProject section */

/* Begin PBXResourcesBuildPhase section */
		6739EFEA1E6E48FF00F4D6A1 /* Resources */ = {
			isa = PBXResourcesBuildPhase;
			buildActionMask = 2147483647;
			files = (
				6739EFFA1E6E48FF00F4D6A1 /* LaunchScreen.storyboard in Resources */,
				6739EFF71E6E48FF00F4D6A1 /* Assets.xcassets in Resources */,
				6739EFF51E6E48FF00F4D6A1 /* Main.storyboard in Resources */,
			);
			runOnlyForDeploymentPostprocessing = 0;
		};
		6739EFFE1E6E48FF00F4D6A1 /* Resources */ = {
			isa = PBXResourcesBuildPhase;
			buildActionMask = 2147483647;
			files = (
			);
			runOnlyForDeploymentPostprocessing = 0;
		};
		6739F0091E6E48FF00F4D6A1 /* Resources */ = {
			isa = PBXResourcesBuildPhase;
			buildActionMask = 2147483647;
			files = (
			);
			runOnlyForDeploymentPostprocessing = 0;
		};
/* End PBXResourcesBuildPhase section */

/* Begin PBXSourcesBuildPhase section */
		6739EFE81E6E48FF00F4D6A1 /* Sources */ = {
			isa = PBXSourcesBuildPhase;
			buildActionMask = 2147483647;
			files = (
				6739EFF21E6E48FF00F4D6A1 /* ViewController.swift in Sources */,
				6739EFF01E6E48FF00F4D6A1 /* AppDelegate.swift in Sources */,
				6739F01E1E6F2B3700F4D6A1 /* SettingsViewController.swift in Sources */,
			);
			runOnlyForDeploymentPostprocessing = 0;
		};
		6739EFFC1E6E48FF00F4D6A1 /* Sources */ = {
			isa = PBXSourcesBuildPhase;
			buildActionMask = 2147483647;
			files = (
				6739F0051E6E48FF00F4D6A1 /* tipMePlsTests.swift in Sources */,
			);
			runOnlyForDeploymentPostprocessing = 0;
		};
		6739F0071E6E48FF00F4D6A1 /* Sources */ = {
			isa = PBXSourcesBuildPhase;
			buildActionMask = 2147483647;
			files = (
				6739F0101E6E48FF00F4D6A1 /* tipMePlsUITests.swift in Sources */,
			);
			runOnlyForDeploymentPostprocessing = 0;
		};
/* End PBXSourcesBuildPhase section */

/* Begin PBXTargetDependency section */
		6739F0021E6E48FF00F4D6A1 /* PBXTargetDependency */ = {
			isa = PBXTargetDependency;
			target = 6739EFEB1E6E48FF00F4D6A1 /* tipMePls */;
			targetProxy = 6739F0011E6E48FF00F4D6A1 /* PBXContainerItemProxy */;
		};
		6739F00D1E6E48FF00F4D6A1 /* PBXTargetDependency */ = {
			isa = PBXTargetDependency;
			target = 6739EFEB1E6E48FF00F4D6A1 /* tipMePls */;
			targetProxy = 6739F00C1E6E48FF00F4D6A1 /* PBXContainerItemProxy */;
		};
/* End PBXTargetDependency section */

/* Begin PBXVariantGroup section */
		6739EFF31E6E48FF00F4D6A1 /* Main.storyboard */ = {
			isa = PBXVariantGroup;
			children = (
				6739EFF41E6E48FF00F4D6A1 /* Base */,
			);
			name = Main.storyboard;
			sourceTree = "<group>";
		};
		6739EFF81E6E48FF00F4D6A1 /* LaunchScreen.storyboard */ = {
			isa = PBXVariantGroup;
			children = (
				6739EFF91E6E48FF00F4D6A1 /* Base */,
			);
			name = LaunchScreen.storyboard;
			sourceTree = "<group>";
		};
/* End PBXVariantGroup section */

/* Begin XCBuildConfiguration section */
		6739F0121E6E48FF00F4D6A1 /* Debug */ = {
			isa = XCBuildConfiguration;
			buildSettings = {
				ALWAYS_SEARCH_USER_PATHS = NO;
				CLANG_ANALYZER_NONNULL = YES;
				CLANG_CXX_LANGUAGE_STANDARD = "gnu++0x";
				CLANG_CXX_LIBRARY = "libc++";
				CLANG_ENABLE_MODULES = YES;
				CLANG_ENABLE_OBJC_ARC = YES;
				CLANG_WARN_BOOL_CONVERSION = YES;
				CLANG_WARN_CONSTANT_CONVERSION = YES;
				CLANG_WARN_DIRECT_OBJC_ISA_USAGE = YES_ERROR;
				CLANG_WARN_DOCUMENTATION_COMMENTS = YES;
				CLANG_WARN_EMPTY_BODY = YES;
				CLANG_WARN_ENUM_CONVERSION = YES;
				CLANG_WARN_INFINITE_RECURSION = YES;
				CLANG_WARN_INT_CONVERSION = YES;
				CLANG_WARN_OBJC_ROOT_CLASS = YES_ERROR;
				CLANG_WARN_SUSPICIOUS_MOVE = YES;
				CLANG_WARN_UNREACHABLE_CODE = YES;
				CLANG_WARN__DUPLICATE_METHOD_MATCH = YES;
				"CODE_SIGN_IDENTITY[sdk=iphoneos*]" = "iPhone Developer";
				COPY_PHASE_STRIP = NO;
				DEBUG_INFORMATION_FORMAT = dwarf;
				ENABLE_STRICT_OBJC_MSGSEND = YES;
				ENABLE_TESTABILITY = YES;
				GCC_C_LANGUAGE_STANDARD = gnu99;
				GCC_DYNAMIC_NO_PIC = NO;
				GCC_NO_COMMON_BLOCKS = YES;
				GCC_OPTIMIZATION_LEVEL = 0;
				GCC_PREPROCESSOR_DEFINITIONS = (
					"DEBUG=1",
					"$(inherited)",
				);
				GCC_WARN_64_TO_32_BIT_CONVERSION = YES;
				GCC_WARN_ABOUT_RETURN_TYPE = YES_ERROR;
				GCC_WARN_UNDECLARED_SELECTOR = YES;
				GCC_WARN_UNINITIALIZED_AUTOS = YES_AGGRESSIVE;
				GCC_WARN_UNUSED_FUNCTION = YES;
				GCC_WARN_UNUSED_VARIABLE = YES;
				IPHONEOS_DEPLOYMENT_TARGET = 10.2;
				MTL_ENABLE_DEBUG_INFO = YES;
				ONLY_ACTIVE_ARCH = YES;
				SDKROOT = iphoneos;
				SWIFT_ACTIVE_COMPILATION_CONDITIONS = DEBUG;
				SWIFT_OPTIMIZATION_LEVEL = "-Onone";
				TARGETED_DEVICE_FAMILY = "1,2";
			};
			name = Debug;
		};
		6739F0131E6E48FF00F4D6A1 /* Release */ = {
			isa = XCBuildConfiguration;
			buildSettings = {
				ALWAYS_SEARCH_USER_PATHS = NO;
				CLANG_ANALYZER_NONNULL = YES;
				CLANG_CXX_LANGUAGE_STANDARD = "gnu++0x";
				CLANG_CXX_LIBRARY = "libc++";
				CLANG_ENABLE_MODULES = YES;
				CLANG_ENABLE_OBJC_ARC = YES;
				CLANG_WARN_BOOL_CONVERSION = YES;
				CLANG_WARN_CONSTANT_CONVERSION = YES;
				CLANG_WARN_DIRECT_OBJC_ISA_USAGE = YES_ERROR;
				CLANG_WARN_DOCUMENTATION_COMMENTS = YES;
				CLANG_WARN_EMPTY_BODY = YES;
				CLANG_WARN_ENUM_CONVERSION = YES;
				CLANG_WARN_INFINITE_RECURSION = YES;
				CLANG_WARN_INT_CONVERSION = YES;
				CLANG_WARN_OBJC_ROOT_CLASS = YES_ERROR;
				CLANG_WARN_SUSPICIOUS_MOVE = YES;
				CLANG_WARN_UNREACHABLE_CODE = YES;
				CLANG_WARN__DUPLICATE_METHOD_MATCH = YES;
				"CODE_SIGN_IDENTITY[sdk=iphoneos*]" = "iPhone Developer";
				COPY_PHASE_STRIP = NO;
				DEBUG_INFORMATION_FORMAT = "dwarf-with-dsym";
				ENABLE_NS_ASSERTIONS = NO;
				ENABLE_STRICT_OBJC_MSGSEND = YES;
				GCC_C_LANGUAGE_STANDARD = gnu99;
				GCC_NO_COMMON_BLOCKS = YES;
				GCC_WARN_64_TO_32_BIT_CONVERSION = YES;
				GCC_WARN_ABOUT_RETURN_TYPE = YES_ERROR;
				GCC_WARN_UNDECLARED_SELECTOR = YES;
				GCC_WARN_UNINITIALIZED_AUTOS = YES_AGGRESSIVE;
				GCC_WARN_UNUSED_FUNCTION = YES;
				GCC_WARN_UNUSED_VARIABLE = YES;
				IPHONEOS_DEPLOYMENT_TARGET = 10.2;
				MTL_ENABLE_DEBUG_INFO = NO;
				SDKROOT = iphoneos;
				SWIFT_OPTIMIZATION_LEVEL = "-Owholemodule";
				TARGETED_DEVICE_FAMILY = "1,2";
				VALIDATE_PRODUCT = YES;
			};
			name = Release;
		};
		6739F0151E6E48FF00F4D6A1 /* Debug */ = {
			isa = XCBuildConfiguration;
			buildSettings = {
				ASSETCATALOG_COMPILER_APPICON_NAME = AppIcon;
				INFOPLIST_FILE = tipMePls/Info.plist;
				LD_RUNPATH_SEARCH_PATHS = "$(inherited) @executable_path/Frameworks";
				PRODUCT_BUNDLE_IDENTIFIER = CodePath.tipMePls;
				PRODUCT_NAME = "$(TARGET_NAME)";
				SWIFT_VERSION = 3.0;
			};
			name = Debug;
		};
		6739F0161E6E48FF00F4D6A1 /* Release */ = {
			isa = XCBuildConfiguration;
			buildSettings = {
				ASSETCATALOG_COMPILER_APPICON_NAME = AppIcon;
				INFOPLIST_FILE = tipMePls/Info.plist;
				LD_RUNPATH_SEARCH_PATHS = "$(inherited) @executable_path/Frameworks";
				PRODUCT_BUNDLE_IDENTIFIER = CodePath.tipMePls;
				PRODUCT_NAME = "$(TARGET_NAME)";
				SWIFT_VERSION = 3.0;
			};
			name = Release;
		};
		6739F0181E6E48FF00F4D6A1 /* Debug */ = {
			isa = XCBuildConfiguration;
			buildSettings = {
				ALWAYS_EMBED_SWIFT_STANDARD_LIBRARIES = YES;
				BUNDLE_LOADER = "$(TEST_HOST)";
				INFOPLIST_FILE = tipMePlsTests/Info.plist;
				LD_RUNPATH_SEARCH_PATHS = "$(inherited) @executable_path/Frameworks @loader_path/Frameworks";
				PRODUCT_BUNDLE_IDENTIFIER = CodePath.tipMePlsTests;
				PRODUCT_NAME = "$(TARGET_NAME)";
				SWIFT_VERSION = 3.0;
				TEST_HOST = "$(BUILT_PRODUCTS_DIR)/tipMePls.app/tipMePls";
			};
			name = Debug;
		};
		6739F0191E6E48FF00F4D6A1 /* Release */ = {
			isa = XCBuildConfiguration;
			buildSettings = {
				ALWAYS_EMBED_SWIFT_STANDARD_LIBRARIES = YES;
				BUNDLE_LOADER = "$(TEST_HOST)";
				INFOPLIST_FILE = tipMePlsTests/Info.plist;
				LD_RUNPATH_SEARCH_PATHS = "$(inherited) @executable_path/Frameworks @loader_path/Frameworks";
				PRODUCT_BUNDLE_IDENTIFIER = CodePath.tipMePlsTests;
				PRODUCT_NAME = "$(TARGET_NAME)";
				SWIFT_VERSION = 3.0;
				TEST_HOST = "$(BUILT_PRODUCTS_DIR)/tipMePls.app/tipMePls";
			};
			name = Release;
		};
		6739F01B1E6E48FF00F4D6A1 /* Debug */ = {
			isa = XCBuildConfiguration;
			buildSettings = {
				ALWAYS_EMBED_SWIFT_STANDARD_LIBRARIES = YES;
				INFOPLIST_FILE = tipMePlsUITests/Info.plist;
				LD_RUNPATH_SEARCH_PATHS = "$(inherited) @executable_path/Frameworks @loader_path/Frameworks";
				PRODUCT_BUNDLE_IDENTIFIER = CodePath.tipMePlsUITests;
				PRODUCT_NAME = "$(TARGET_NAME)";
				SWIFT_VERSION = 3.0;
				TEST_TARGET_NAME = tipMePls;
			};
			name = Debug;
		};
		6739F01C1E6E48FF00F4D6A1 /* Release */ = {
			isa = XCBuildConfiguration;
			buildSettings = {
				ALWAYS_EMBED_SWIFT_STANDARD_LIBRARIES = YES;
				INFOPLIST_FILE = tipMePlsUITests/Info.plist;
				LD_RUNPATH_SEARCH_PATHS = "$(inherited) @executable_path/Frameworks @loader_path/Frameworks";
				PRODUCT_BUNDLE_IDENTIFIER = CodePath.tipMePlsUITests;
				PRODUCT_NAME = "$(TARGET_NAME)";
				SWIFT_VERSION = 3.0;
				TEST_TARGET_NAME = tipMePls;
			};
			name = Release;
		};
/* End XCBuildConfiguration section */

/* Begin XCConfigurationList section */
		6739EFE71E6E48FF00F4D6A1 /* Build configuration list for PBXProject "tipMePls" */ = {
			isa = XCConfigurationList;
			buildConfigurations = (
				6739F0121E6E48FF00F4D6A1 /* Debug */,
				6739F0131E6E48FF00F4D6A1 /* Release */,
			);
			defaultConfigurationIsVisible = 0;
			defaultConfigurationName = Release;
		};
		6739F0141E6E48FF00F4D6A1 /* Build configuration list for PBXNativeTarget "tipMePls" */ = {
			isa = XCConfigurationList;
			buildConfigurations = (
				6739F0151E6E48FF00F4D6A1 /* Debug */,
				6739F0161E6E48FF00F4D6A1 /* Release */,
			);
			defaultConfigurationIsVisible = 0;
		};
		6739F0171E6E48FF00F4D6A1 /* Build configuration list for PBXNativeTarget "tipMePlsTests" */ = {
			isa = XCConfigurationList;
			buildConfigurations = (
				6739F0181E6E48FF00F4D6A1 /* Debug */,
				6739F0191E6E48FF00F4D6A1 /* Release */,
			);
			defaultConfigurationIsVisible = 0;
		};
		6739F01A1E6E48FF00F4D6A1 /* Build configuration list for PBXNativeTarget "tipMePlsUITests" */ = {
			isa = XCConfigurationList;
			buildConfigurations = (
				6739F01B1E6E48FF00F4D6A1 /* Debug */,
				6739F01C1E6E48FF00F4D6A1 /* Release */,
			);
			defaultConfigurationIsVisible = 0;
		};
/* End XCConfigurationList section */
	};
	rootObject = 6739EFE41E6E48FF00F4D6A1 /* Project object */;
}
